
Microsoft Visual Studio Solution File, Format Version 12.00
# Visual Studio Version 17
VisualStudioVersion = 17.13.35931.197
MinimumVisualStudioVersion = 10.0.40219.1
Project("{FAE04EC0-301F-11D3-BF4B-00C04F79EFBC}") = "AutoCounter3", "AutoCounter3\AutoCounter3.csproj", "{BC17068C-5FB6-43F2-A83A-FC53120CB4A8}"
EndProject
Project("{2150E333-8FDC-42A3-9474-1A3956D46DE8}") = "src", "src", "{02EA681E-C7D8-13C7-8484-4AC65E1B71E8}"
EndProject
Global
	GlobalSection(SolutionConfigurationPlatforms) = preSolution
		Debug|Any CPU = Debug|Any CPU
		Release|Any CPU = Release|Any CPU
	EndGlobalSection
	GlobalSection(ProjectConfigurationPlatforms) = postSolution
		{BC17068C-5FB6-43F2-A83A-FC53120CB4A8}.Debug|Any CPU.ActiveCfg = Debug|Any CPU
		{BC17068C-5FB6-43F2-A83A-FC53120CB4A8}.Debug|Any CPU.Build.0 = Debug|Any CPU
		{BC17068C-5FB6-43F2-A83A-FC53120CB4A8}.Release|Any CPU.ActiveCfg = Release|Any CPU
		{BC17068C-5FB6-43F2-A83A-FC53120CB4A8}.Release|Any CPU.Build.0 = Release|Any CPU
	EndGlobalSection
	GlobalSection(SolutionProperties) = preSolution
		HideSolutionNode = FALSE
	EndGlobalSection
	GlobalSection(NestedProjects) = preSolution
		{BC17068C-5FB6-43F2-A83A-FC53120CB4A8} = {02EA681E-C7D8-13C7-8484-4AC65E1B71E8}
	EndGlobalSection
	GlobalSection(ExtensibilityGlobals) = postSolution
		SolutionGuid = {A489B9E2-B61A-4674-A17C-E30FCA15EEBA}
	EndGlobalSection
EndGlobal
